
Microsoft Visual Studio Solution File, Format Version 12.00
# Visual Studio 2015
Project("{FAE04EC0-301F-11D3-BF4B-00C04F79EFBC}") = "escena basica", "escena basica.csproj", "{7CE40175-72D5-B712-01D1-55565D447083}"
EndProject
Global
	GlobalSection(SolutionConfigurationPlatforms) = preSolution
		Debug|Any CPU = Debug|Any CPU
		Release|Any CPU = Release|Any CPU
	EndGlobalSection
	GlobalSection(ProjectConfigurationPlatforms) = postSolution
		{7CE40175-72D5-B712-01D1-55565D447083}.Debug|Any CPU.ActiveCfg = Debug|Any CPU
		{7CE40175-72D5-B712-01D1-55565D447083}.Debug|Any CPU.Build.0 = Debug|Any CPU
		{7CE40175-72D5-B712-01D1-55565D447083}.Release|Any CPU.ActiveCfg = Release|Any CPU
		{7CE40175-72D5-B712-01D1-55565D447083}.Release|Any CPU.Build.0 = Release|Any CPU
	EndGlobalSection
	GlobalSection(SolutionProperties) = preSolution
		HideSolutionNode = FALSE
	EndGlobalSection
EndGlobal
