Microsoft Visual Studio Solution File, Format Version 11.00
# Visual Studio 2008

Project("{7A674153-C63C-FF1A-D7F0-E261C369AB2C}") = "1414", "Assembly-CSharp-firstpass.csproj", "{D9245D24-2585-AF19-62A4-8886CBAE7426}"
EndProject
Project("{7A674153-C63C-FF1A-D7F0-E261C369AB2C}") = "1414", "Assembly-CSharp.csproj", "{5F87CA92-86F5-13D5-6C0C-C8CAFEBA55BF}"
EndProject
Project("{7A674153-C63C-FF1A-D7F0-E261C369AB2C}") = "1414", "Assembly-CSharp-Editor.csproj", "{95BEA985-7907-0D67-50FC-5CD0BCFB0075}"
EndProject
Global
	GlobalSection(SolutionConfigurationPlatforms) = preSolution
		Debug|Any CPU = Debug|Any CPU
		Release|Any CPU = Release|Any CPU
	EndGlobalSection
	GlobalSection(ProjectConfigurationPlatforms) = postSolution
		{D9245D24-2585-AF19-62A4-8886CBAE7426}.Debug|Any CPU.ActiveCfg = Debug|Any CPU
		{D9245D24-2585-AF19-62A4-8886CBAE7426}.Debug|Any CPU.Build.0 = Debug|Any CPU
		{D9245D24-2585-AF19-62A4-8886CBAE7426}.Release|Any CPU.ActiveCfg = Release|Any CPU
		{D9245D24-2585-AF19-62A4-8886CBAE7426}.Release|Any CPU.Build.0 = Release|Any CPU
		{5F87CA92-86F5-13D5-6C0C-C8CAFEBA55BF}.Debug|Any CPU.ActiveCfg = Debug|Any CPU
		{5F87CA92-86F5-13D5-6C0C-C8CAFEBA55BF}.Debug|Any CPU.Build.0 = Debug|Any CPU
		{5F87CA92-86F5-13D5-6C0C-C8CAFEBA55BF}.Release|Any CPU.ActiveCfg = Release|Any CPU
		{5F87CA92-86F5-13D5-6C0C-C8CAFEBA55BF}.Release|Any CPU.Build.0 = Release|Any CPU
		{95BEA985-7907-0D67-50FC-5CD0BCFB0075}.Debug|Any CPU.ActiveCfg = Debug|Any CPU
		{95BEA985-7907-0D67-50FC-5CD0BCFB0075}.Debug|Any CPU.Build.0 = Debug|Any CPU
		{95BEA985-7907-0D67-50FC-5CD0BCFB0075}.Release|Any CPU.ActiveCfg = Release|Any CPU
		{95BEA985-7907-0D67-50FC-5CD0BCFB0075}.Release|Any CPU.Build.0 = Release|Any CPU
	EndGlobalSection
	GlobalSection(SolutionProperties) = preSolution
		HideSolutionNode = FALSE
	EndGlobalSection
	GlobalSection(MonoDevelopProperties) = preSolution
		StartupItem = Assembly-CSharp.csproj
	EndGlobalSection
EndGlobal
